
Microsoft Visual Studio Solution File, Format Version 12.00
# Visual Studio Version 16
VisualStudioVersion = 16.0.29009.5
MinimumVisualStudioVersion = 10.0.40219.1
Project("{FAE04EC0-301F-11D3-BF4B-00C04F79EFBC}") = "FileBrowser", "FileBrowser\FileBrowser.csproj", "{04F6F97D-527E-4CA4-AF9C-724064590F82}"
EndProject
Global
	GlobalSection(SolutionConfigurationPlatforms) = preSolution
		Debug|Any CPU = Debug|Any CPU
		Release|Any CPU = Release|Any CPU
	EndGlobalSection
	GlobalSection(ProjectConfigurationPlatforms) = postSolution
		{04F6F97D-527E-4CA4-AF9C-724064590F82}.Debug|Any CPU.ActiveCfg = Debug|Any CPU
		{04F6F97D-527E-4CA4-AF9C-724064590F82}.Debug|Any CPU.Build.0 = Debug|Any CPU
		{04F6F97D-527E-4CA4-AF9C-724064590F82}.Release|Any CPU.ActiveCfg = Release|Any CPU
		{04F6F97D-527E-4CA4-AF9C-724064590F82}.Release|Any CPU.Build.0 = Release|Any CPU
	EndGlobalSection
	GlobalSection(SolutionProperties) = preSolution
		HideSolutionNode = FALSE
	EndGlobalSection
	GlobalSection(ExtensibilityGlobals) = postSolution
		SolutionGuid = {6F4B6702-D254-427A-A2D9-0966947D9F28}
	EndGlobalSection
EndGlobal
